
Microsoft Visual Studio Solution File, Format Version 12.00
# Visual Studio 15
VisualStudioVersion = 15.0.27703.2035
MinimumVisualStudioVersion = 10.0.40219.1
Project("{FAE04EC0-301F-11D3-BF4B-00C04F79EFBC}") = "ShortcutFixer", "ShortcutFixer\ShortcutFixer.csproj", "{B215D2BB-A2F2-49A9-A9F8-A4ED448F9462}"
EndProject
Project("{FAE04EC0-301F-11D3-BF4B-00C04F79EFBC}") = "ShortcutFixerWPF", "ShortcutFixerWPF\ShortcutFixerWPF.csproj", "{7F39571A-4A4C-45E9-BD40-D64DB57C2D87}"
EndProject
Global
	GlobalSection(SolutionConfigurationPlatforms) = preSolution
		Debug|Any CPU = Debug|Any CPU
		Release|Any CPU = Release|Any CPU
	EndGlobalSection
	GlobalSection(ProjectConfigurationPlatforms) = postSolution
		{B215D2BB-A2F2-49A9-A9F8-A4ED448F9462}.Debug|Any CPU.ActiveCfg = Debug|Any CPU
		{B215D2BB-A2F2-49A9-A9F8-A4ED448F9462}.Debug|Any CPU.Build.0 = Debug|Any CPU
		{B215D2BB-A2F2-49A9-A9F8-A4ED448F9462}.Release|Any CPU.ActiveCfg = Release|Any CPU
		{B215D2BB-A2F2-49A9-A9F8-A4ED448F9462}.Release|Any CPU.Build.0 = Release|Any CPU
		{7F39571A-4A4C-45E9-BD40-D64DB57C2D87}.Debug|Any CPU.ActiveCfg = Debug|Any CPU
		{7F39571A-4A4C-45E9-BD40-D64DB57C2D87}.Debug|Any CPU.Build.0 = Debug|Any CPU
		{7F39571A-4A4C-45E9-BD40-D64DB57C2D87}.Release|Any CPU.ActiveCfg = Release|Any CPU
		{7F39571A-4A4C-45E9-BD40-D64DB57C2D87}.Release|Any CPU.Build.0 = Release|Any CPU
	EndGlobalSection
	GlobalSection(SolutionProperties) = preSolution
		HideSolutionNode = FALSE
	EndGlobalSection
	GlobalSection(ExtensibilityGlobals) = postSolution
		SolutionGuid = {5D7001AA-64CF-4C9F-8D2B-B6C9E51AC6B4}
	EndGlobalSection
EndGlobal
